
Microsoft Visual Studio Solution File, Format Version 12.00
Project("{2150E333-8FDC-42A3-9474-1A3956D46DE8}") = "src", "src", "{75AC9CE9-1180-4EA9-8028-19D1CD7B6D8D}"
EndProject
Project("{FAE04EC0-301F-11D3-BF4B-00C04F79EFBC}") = "MonixOne.Infisical.Configuration.Tests", "src\MonixOne.Infisical.Configuration.Tests\MonixOne.Infisical.Configuration.Tests.csproj", "{AD9296F3-93EF-4E5D-8597-A1C89D3F2927}"
EndProject
Project("{2150E333-8FDC-42A3-9474-1A3956D46DE8}") = "Solution Items", "Solution Items", "{97D972F2-E89B-4566-97C2-601A02313F38}"
	ProjectSection(SolutionItems) = preProject
		.gitignore = .gitignore
		.editorconfig = .editorconfig
		.gitattributes = .gitattributes
		Directory.Packages.props = Directory.Packages.props
		Directory.Build.props = Directory.Build.props
		example.env = example.env
		README.md = README.md
		Makefile = Makefile
		.github\workflows\publish.yml = .github\workflows\publish.yml
		.github\workflows\ci.yml = .github\workflows\ci.yml
	EndProjectSection
EndProject
Project("{FAE04EC0-301F-11D3-BF4B-00C04F79EFBC}") = "MonixOne.Infisical.Configuration", "src\MonixOne.Infisical.Configuration\MonixOne.Infisical.Configuration.csproj", "{608F7B32-6D47-49D7-8112-F1E8B3EABEE3}"
EndProject
Global
	GlobalSection(SolutionConfigurationPlatforms) = preSolution
		Debug|Any CPU = Debug|Any CPU
		Release|Any CPU = Release|Any CPU
	EndGlobalSection
	GlobalSection(NestedProjects) = preSolution
		{AD9296F3-93EF-4E5D-8597-A1C89D3F2927} = {75AC9CE9-1180-4EA9-8028-19D1CD7B6D8D}
		{608F7B32-6D47-49D7-8112-F1E8B3EABEE3} = {75AC9CE9-1180-4EA9-8028-19D1CD7B6D8D}
	EndGlobalSection
	GlobalSection(ProjectConfigurationPlatforms) = postSolution
		{AD9296F3-93EF-4E5D-8597-A1C89D3F2927}.Debug|Any CPU.ActiveCfg = Debug|Any CPU
		{AD9296F3-93EF-4E5D-8597-A1C89D3F2927}.Debug|Any CPU.Build.0 = Debug|Any CPU
		{AD9296F3-93EF-4E5D-8597-A1C89D3F2927}.Release|Any CPU.ActiveCfg = Release|Any CPU
		{AD9296F3-93EF-4E5D-8597-A1C89D3F2927}.Release|Any CPU.Build.0 = Release|Any CPU
		{608F7B32-6D47-49D7-8112-F1E8B3EABEE3}.Debug|Any CPU.ActiveCfg = Debug|Any CPU
		{608F7B32-6D47-49D7-8112-F1E8B3EABEE3}.Debug|Any CPU.Build.0 = Debug|Any CPU
		{608F7B32-6D47-49D7-8112-F1E8B3EABEE3}.Release|Any CPU.ActiveCfg = Release|Any CPU
		{608F7B32-6D47-49D7-8112-F1E8B3EABEE3}.Release|Any CPU.Build.0 = Release|Any CPU
	EndGlobalSection
EndGlobal
